
Microsoft Visual Studio Solution File, Format Version 12.00
Project("{2150E333-8FDC-42A3-9474-1A3956D46DE8}") = "src", "src", "{3CA29563-5B19-4DA8-9647-3B543E37D6B5}"
EndProject
Project("{2150E333-8FDC-42A3-9474-1A3956D46DE8}") = "framework", "framework", "{BB1750F5-6743-49E6-A187-9A59ABF458C7}"
EndProject
Project("{FAE04EC0-301F-11D3-BF4B-00C04F79EFBC}") = "MultipleDbContext.Data", "src\framework\MultipleDbContext.Data\MultipleDbContext.Data.csproj", "{23EA390D-E210-431D-8340-F5C8A77F1418}"
EndProject
Project("{2150E333-8FDC-42A3-9474-1A3956D46DE8}") = "Domain", "Domain", "{E3FFDEB9-210C-4DD6-8B47-E9F187E3A01B}"
EndProject
Project("{FAE04EC0-301F-11D3-BF4B-00C04F79EFBC}") = "MultipleContext.Data.Domain.Mongo", "src\framework\Domain\MultipleContext.Data.Domain.Mongo\MultipleContext.Data.Domain.Mongo.csproj", "{5FE330BF-A87D-4F8B-9388-273C7428AC57}"
EndProject
Project("{FAE04EC0-301F-11D3-BF4B-00C04F79EFBC}") = "MultipleContext.Data.Domain.Postgre", "src\framework\Domain\MultipleContext.Data.Domain.Postgre\MultipleContext.Data.Domain.Postgre.csproj", "{437C7DE3-2F3D-4A2F-B528-10367B9E6DCC}"
EndProject
Project("{FAE04EC0-301F-11D3-BF4B-00C04F79EFBC}") = "MultipleContext.Data.Domain.Sql", "src\framework\Domain\MultipleContext.Data.Domain.Sql\MultipleContext.Data.Domain.Sql.csproj", "{BEC5E219-0658-4C41-A95C-D70DA5BCD557}"
EndProject
Project("{2150E333-8FDC-42A3-9474-1A3956D46DE8}") = "Databases", "Databases", "{C7A70DA8-D03A-4AD0-BA3C-692CC4ED6AE1}"
EndProject
Project("{FAE04EC0-301F-11D3-BF4B-00C04F79EFBC}") = "MultipleDbContext.Data.Mongo", "src\framework\Databases\MultipleDbContext.Data.Mongo\MultipleDbContext.Data.Mongo.csproj", "{13BA749C-C7F3-41E3-9229-ED1BBA8A5D03}"
EndProject
Project("{FAE04EC0-301F-11D3-BF4B-00C04F79EFBC}") = "MultipleDbContext.Data.Postgre", "src\framework\Databases\MultipleDbContext.Data.Postgre\MultipleDbContext.Data.Postgre.csproj", "{1F7240EE-F452-4EFB-92C9-4C3A231404AE}"
EndProject
Project("{FAE04EC0-301F-11D3-BF4B-00C04F79EFBC}") = "MultipleDbContext.Data.Sql", "src\framework\Databases\MultipleDbContext.Data.Sql\MultipleDbContext.Data.Sql.csproj", "{1B1B7CFB-7F80-44DD-B88A-5FAD75E0AF5F}"
EndProject
Project("{FAE04EC0-301F-11D3-BF4B-00C04F79EFBC}") = "MultipleContext.Api.Product", "src\api\MultipleContext.Api.Product\MultipleContext.Api.Product.csproj", "{7E6D9EC7-847D-4537-AB8F-333BDA7AEC0B}"
EndProject
Project("{FAE04EC0-301F-11D3-BF4B-00C04F79EFBC}") = "MultipleContext.Api.Order", "src\api\MultipleContext.Api.Order\MultipleContext.Api.Order.csproj", "{D9325BC8-A502-4CEA-BD34-F7C8DAEB89FB}"
EndProject
Project("{FAE04EC0-301F-11D3-BF4B-00C04F79EFBC}") = "MultipleContext.Api.Catalog", "src\api\MultipleContext.Api.Catalog\MultipleContext.Api.Catalog.csproj", "{B8D05720-9C3D-4D81-84D5-E49ABEB828BB}"
EndProject
Project("{2150E333-8FDC-42A3-9474-1A3956D46DE8}") = "api", "api", "{B813481D-B0D4-47C3-831F-4969597A22E3}"
EndProject
Project("{2150E333-8FDC-42A3-9474-1A3956D46DE8}") = "tests", "tests", "{CE1A0A16-2460-4ED6-9812-7023A56B11C8}"
EndProject

Global
	GlobalSection(SolutionConfigurationPlatforms) = preSolution
		Debug|Any CPU = Debug|Any CPU
		Release|Any CPU = Release|Any CPU
	EndGlobalSection
	GlobalSection(NestedProjects) = preSolution
		{23EA390D-E210-431D-8340-F5C8A77F1418} = {BB1750F5-6743-49E6-A187-9A59ABF458C7}
		{E3FFDEB9-210C-4DD6-8B47-E9F187E3A01B} = {BB1750F5-6743-49E6-A187-9A59ABF458C7}
		{5FE330BF-A87D-4F8B-9388-273C7428AC57} = {E3FFDEB9-210C-4DD6-8B47-E9F187E3A01B}
		{437C7DE3-2F3D-4A2F-B528-10367B9E6DCC} = {E3FFDEB9-210C-4DD6-8B47-E9F187E3A01B}
		{BEC5E219-0658-4C41-A95C-D70DA5BCD557} = {E3FFDEB9-210C-4DD6-8B47-E9F187E3A01B}
		{C7A70DA8-D03A-4AD0-BA3C-692CC4ED6AE1} = {BB1750F5-6743-49E6-A187-9A59ABF458C7}
		{13BA749C-C7F3-41E3-9229-ED1BBA8A5D03} = {C7A70DA8-D03A-4AD0-BA3C-692CC4ED6AE1}
		{1F7240EE-F452-4EFB-92C9-4C3A231404AE} = {C7A70DA8-D03A-4AD0-BA3C-692CC4ED6AE1}
		{1B1B7CFB-7F80-44DD-B88A-5FAD75E0AF5F} = {C7A70DA8-D03A-4AD0-BA3C-692CC4ED6AE1}
		{B813481D-B0D4-47C3-831F-4969597A22E3} = {3CA29563-5B19-4DA8-9647-3B543E37D6B5}
		{B8D05720-9C3D-4D81-84D5-E49ABEB828BB} = {B813481D-B0D4-47C3-831F-4969597A22E3}
		{D9325BC8-A502-4CEA-BD34-F7C8DAEB89FB} = {B813481D-B0D4-47C3-831F-4969597A22E3}
		{7E6D9EC7-847D-4537-AB8F-333BDA7AEC0B} = {B813481D-B0D4-47C3-831F-4969597A22E3}
		{BB1750F5-6743-49E6-A187-9A59ABF458C7} = {3CA29563-5B19-4DA8-9647-3B543E37D6B5}
	EndGlobalSection
	GlobalSection(ProjectConfigurationPlatforms) = postSolution
		{23EA390D-E210-431D-8340-F5C8A77F1418}.Debug|Any CPU.ActiveCfg = Debug|Any CPU
		{23EA390D-E210-431D-8340-F5C8A77F1418}.Debug|Any CPU.Build.0 = Debug|Any CPU
		{23EA390D-E210-431D-8340-F5C8A77F1418}.Release|Any CPU.ActiveCfg = Release|Any CPU
		{23EA390D-E210-431D-8340-F5C8A77F1418}.Release|Any CPU.Build.0 = Release|Any CPU
		{13BA749C-C7F3-41E3-9229-ED1BBA8A5D03}.Debug|Any CPU.ActiveCfg = Debug|Any CPU
		{13BA749C-C7F3-41E3-9229-ED1BBA8A5D03}.Debug|Any CPU.Build.0 = Debug|Any CPU
		{13BA749C-C7F3-41E3-9229-ED1BBA8A5D03}.Release|Any CPU.ActiveCfg = Release|Any CPU
		{13BA749C-C7F3-41E3-9229-ED1BBA8A5D03}.Release|Any CPU.Build.0 = Release|Any CPU
		{1F7240EE-F452-4EFB-92C9-4C3A231404AE}.Debug|Any CPU.ActiveCfg = Debug|Any CPU
		{1F7240EE-F452-4EFB-92C9-4C3A231404AE}.Debug|Any CPU.Build.0 = Debug|Any CPU
		{1F7240EE-F452-4EFB-92C9-4C3A231404AE}.Release|Any CPU.ActiveCfg = Release|Any CPU
		{1F7240EE-F452-4EFB-92C9-4C3A231404AE}.Release|Any CPU.Build.0 = Release|Any CPU
		{1B1B7CFB-7F80-44DD-B88A-5FAD75E0AF5F}.Debug|Any CPU.ActiveCfg = Debug|Any CPU
		{1B1B7CFB-7F80-44DD-B88A-5FAD75E0AF5F}.Debug|Any CPU.Build.0 = Debug|Any CPU
		{1B1B7CFB-7F80-44DD-B88A-5FAD75E0AF5F}.Release|Any CPU.ActiveCfg = Release|Any CPU
		{1B1B7CFB-7F80-44DD-B88A-5FAD75E0AF5F}.Release|Any CPU.Build.0 = Release|Any CPU
		{5FE330BF-A87D-4F8B-9388-273C7428AC57}.Debug|Any CPU.ActiveCfg = Debug|Any CPU
		{5FE330BF-A87D-4F8B-9388-273C7428AC57}.Debug|Any CPU.Build.0 = Debug|Any CPU
		{5FE330BF-A87D-4F8B-9388-273C7428AC57}.Release|Any CPU.ActiveCfg = Release|Any CPU
		{5FE330BF-A87D-4F8B-9388-273C7428AC57}.Release|Any CPU.Build.0 = Release|Any CPU
		{437C7DE3-2F3D-4A2F-B528-10367B9E6DCC}.Debug|Any CPU.ActiveCfg = Debug|Any CPU
		{437C7DE3-2F3D-4A2F-B528-10367B9E6DCC}.Debug|Any CPU.Build.0 = Debug|Any CPU
		{437C7DE3-2F3D-4A2F-B528-10367B9E6DCC}.Release|Any CPU.ActiveCfg = Release|Any CPU
		{437C7DE3-2F3D-4A2F-B528-10367B9E6DCC}.Release|Any CPU.Build.0 = Release|Any CPU
		{BEC5E219-0658-4C41-A95C-D70DA5BCD557}.Debug|Any CPU.ActiveCfg = Debug|Any CPU
		{BEC5E219-0658-4C41-A95C-D70DA5BCD557}.Debug|Any CPU.Build.0 = Debug|Any CPU
		{BEC5E219-0658-4C41-A95C-D70DA5BCD557}.Release|Any CPU.ActiveCfg = Release|Any CPU
		{BEC5E219-0658-4C41-A95C-D70DA5BCD557}.Release|Any CPU.Build.0 = Release|Any CPU
		{7E6D9EC7-847D-4537-AB8F-333BDA7AEC0B}.Debug|Any CPU.ActiveCfg = Debug|Any CPU
		{7E6D9EC7-847D-4537-AB8F-333BDA7AEC0B}.Debug|Any CPU.Build.0 = Debug|Any CPU
		{7E6D9EC7-847D-4537-AB8F-333BDA7AEC0B}.Release|Any CPU.ActiveCfg = Release|Any CPU
		{7E6D9EC7-847D-4537-AB8F-333BDA7AEC0B}.Release|Any CPU.Build.0 = Release|Any CPU
		{D9325BC8-A502-4CEA-BD34-F7C8DAEB89FB}.Debug|Any CPU.ActiveCfg = Debug|Any CPU
		{D9325BC8-A502-4CEA-BD34-F7C8DAEB89FB}.Debug|Any CPU.Build.0 = Debug|Any CPU
		{D9325BC8-A502-4CEA-BD34-F7C8DAEB89FB}.Release|Any CPU.ActiveCfg = Release|Any CPU
		{D9325BC8-A502-4CEA-BD34-F7C8DAEB89FB}.Release|Any CPU.Build.0 = Release|Any CPU
		{B8D05720-9C3D-4D81-84D5-E49ABEB828BB}.Debug|Any CPU.ActiveCfg = Debug|Any CPU
		{B8D05720-9C3D-4D81-84D5-E49ABEB828BB}.Debug|Any CPU.Build.0 = Debug|Any CPU
		{B8D05720-9C3D-4D81-84D5-E49ABEB828BB}.Release|Any CPU.ActiveCfg = Release|Any CPU
		{B8D05720-9C3D-4D81-84D5-E49ABEB828BB}.Release|Any CPU.Build.0 = Release|Any CPU
	EndGlobalSection
EndGlobal
